
Microsoft Visual Studio Solution File, Format Version 12.00
# Visual Studio 2012
Project("{FAE04EC0-301F-11D3-BF4B-00C04F79EFBC}") = "Xam.Hero", "Xam.Hero\Xam.Hero.csproj", "{3DFEA710-CA12-40BA-8A25-257E8BDA6B08}"
EndProject
Project("{FAE04EC0-301F-11D3-BF4B-00C04F79EFBC}") = "Xam.Hero.Sample", "Xam.Hero.Sampke\Xam.Hero.Sample.csproj", "{CA564492-F8C9-4D28-860B-CE3DC20A9DD6}"
EndProject
Global
	GlobalSection(SolutionConfigurationPlatforms) = preSolution
		Debug|Any CPU = Debug|Any CPU
		Release|Any CPU = Release|Any CPU
		Debug|iPhoneSimulator = Debug|iPhoneSimulator
		Release|iPhone = Release|iPhone
		Release|iPhoneSimulator = Release|iPhoneSimulator
		Debug|iPhone = Debug|iPhone
	EndGlobalSection
	GlobalSection(ProjectConfigurationPlatforms) = postSolution
		{3DFEA710-CA12-40BA-8A25-257E8BDA6B08}.Debug|Any CPU.ActiveCfg = Debug|Any CPU
		{3DFEA710-CA12-40BA-8A25-257E8BDA6B08}.Debug|Any CPU.Build.0 = Debug|Any CPU
		{3DFEA710-CA12-40BA-8A25-257E8BDA6B08}.Release|Any CPU.ActiveCfg = Release|Any CPU
		{3DFEA710-CA12-40BA-8A25-257E8BDA6B08}.Release|Any CPU.Build.0 = Release|Any CPU
		{3DFEA710-CA12-40BA-8A25-257E8BDA6B08}.Debug|iPhoneSimulator.ActiveCfg = Debug|Any CPU
		{3DFEA710-CA12-40BA-8A25-257E8BDA6B08}.Debug|iPhoneSimulator.Build.0 = Debug|Any CPU
		{3DFEA710-CA12-40BA-8A25-257E8BDA6B08}.Release|iPhone.ActiveCfg = Release|Any CPU
		{3DFEA710-CA12-40BA-8A25-257E8BDA6B08}.Release|iPhone.Build.0 = Release|Any CPU
		{3DFEA710-CA12-40BA-8A25-257E8BDA6B08}.Release|iPhoneSimulator.ActiveCfg = Release|Any CPU
		{3DFEA710-CA12-40BA-8A25-257E8BDA6B08}.Release|iPhoneSimulator.Build.0 = Release|Any CPU
		{3DFEA710-CA12-40BA-8A25-257E8BDA6B08}.Debug|iPhone.ActiveCfg = Debug|Any CPU
		{3DFEA710-CA12-40BA-8A25-257E8BDA6B08}.Debug|iPhone.Build.0 = Debug|Any CPU
		{CA564492-F8C9-4D28-860B-CE3DC20A9DD6}.Debug|Any CPU.ActiveCfg = Debug|iPhoneSimulator
		{CA564492-F8C9-4D28-860B-CE3DC20A9DD6}.Debug|Any CPU.Build.0 = Debug|iPhoneSimulator
		{CA564492-F8C9-4D28-860B-CE3DC20A9DD6}.Release|Any CPU.ActiveCfg = Release|iPhone
		{CA564492-F8C9-4D28-860B-CE3DC20A9DD6}.Debug|iPhoneSimulator.ActiveCfg = Debug|iPhoneSimulator
		{CA564492-F8C9-4D28-860B-CE3DC20A9DD6}.Debug|iPhoneSimulator.Build.0 = Debug|iPhoneSimulator
		{CA564492-F8C9-4D28-860B-CE3DC20A9DD6}.Release|iPhone.ActiveCfg = Release|iPhone
		{CA564492-F8C9-4D28-860B-CE3DC20A9DD6}.Release|iPhone.Build.0 = Release|iPhone
		{CA564492-F8C9-4D28-860B-CE3DC20A9DD6}.Release|iPhoneSimulator.ActiveCfg = Release|iPhoneSimulator
		{CA564492-F8C9-4D28-860B-CE3DC20A9DD6}.Release|iPhoneSimulator.Build.0 = Release|iPhoneSimulator
		{CA564492-F8C9-4D28-860B-CE3DC20A9DD6}.Debug|iPhone.ActiveCfg = Debug|iPhone
		{CA564492-F8C9-4D28-860B-CE3DC20A9DD6}.Debug|iPhone.Build.0 = Debug|iPhone
	EndGlobalSection
	GlobalSection(MonoDevelopProperties) = preSolution
		Policies = $0
		$0.DotNetNamingPolicy = $1
	EndGlobalSection
EndGlobal
